Microsoft Visual Studio Solution File, Format Version 12.00
# Visual Studio Version 17
VisualStudioVersion = 17.9.34417.21
MinimumVisualStudioVersion = 10.0.40219.1
Project("{9A19103F-16F7-4668-BE54-9A1E7A4F7556}") = "DrawPT.AppHost", "DrawPT.AppHost\DrawPT.AppHost.csproj", "{5AF5216F-4F9E-4439-ADCD-476E92374C8C}"
EndProject
Project("{9A19103F-16F7-4668-BE54-9A1E7A4F7556}") = "DrawPT.ServiceDefaults", "DrawPT.ServiceDefaults\DrawPT.ServiceDefaults.csproj", "{76B8A969-CF08-41C2-AF8B-F594107BE0C6}"
EndProject
Project("{2150E333-8FDC-42A3-9474-1A3956D46DE8}") = "Solution Items", "Solution Items", "{A10C462A-7C47-4D8C-BE2B-34A160BF8F76}"
	ProjectSection(SolutionItems) = preProject
		README.md = README.md
	EndProjectSection
EndProject
Project("{FAE04EC0-301F-11D3-BF4B-00C04F79EFBC}") = "DrawPT.Api", "DrawPT.Api\DrawPT.Api.csproj", "{87E1FABA-A831-08BD-CD07-C18AE3AD22A8}"
EndProject
Project("{FAE04EC0-301F-11D3-BF4B-00C04F79EFBC}") = "DrawPT.Data", "DrawPT.Data\DrawPT.Data.csproj", "{4D128A98-BBE7-4421-9F20-0B94ABBAEACD}"
EndProject
Project("{FAE04EC0-301F-11D3-BF4B-00C04F79EFBC}") = "DrawPT.MigrationService", "DrawPT.MigrationService\DrawPT.MigrationService.csproj", "{9FEDDE0B-3D59-5293-A9B8-4CC7538C2341}"
EndProject
Project("{FAE04EC0-301F-11D3-BF4B-00C04F79EFBC}") = "DrawPT.Matchmaking", "DrawPT.Matchmaking\DrawPT.Matchmaking.csproj", "{98BE3B62-9316-E2B0-C9D5-0097CAAEA0F6}"
EndProject
Project("{FAE04EC0-301F-11D3-BF4B-00C04F79EFBC}") = "DrawPT.GameEngine", "DrawPT.GameEngine\DrawPT.GameEngine.csproj", "{D55CD4AF-6CA2-81EA-5B83-796CA2BF6604}"
EndProject
Project("{FAE04EC0-301F-11D3-BF4B-00C04F79EFBC}") = "DrawPT.Common", "DrawPT.Common\DrawPT.Common.csproj", "{A7527A2A-9BA4-440C-832D-B87DBDE89411}"
EndProject
Project("{FAE04EC0-301F-11D3-BF4B-00C04F79EFBC}") = "DrawPT.ScheduledService", "DrawPT.ScheduledService\DrawPT.ScheduledService.csproj", "{CFA27F8C-4486-43C8-FBEA-2F062DDA75DD}"
EndProject
Global
	GlobalSection(SolutionConfigurationPlatforms) = preSolution
		Debug|Any CPU = Debug|Any CPU
		Release|Any CPU = Release|Any CPU
	EndGlobalSection
	GlobalSection(ProjectConfigurationPlatforms) = postSolution
		{5AF5216F-4F9E-4439-ADCD-476E92374C8C}.Debug|Any CPU.ActiveCfg = Debug|Any CPU
		{5AF5216F-4F9E-4439-ADCD-476E92374C8C}.Debug|Any CPU.Build.0 = Debug|Any CPU
		{5AF5216F-4F9E-4439-ADCD-476E92374C8C}.Release|Any CPU.ActiveCfg = Release|Any CPU
		{5AF5216F-4F9E-4439-ADCD-476E92374C8C}.Release|Any CPU.Build.0 = Release|Any CPU
		{76B8A969-CF08-41C2-AF8B-F594107BE0C6}.Debug|Any CPU.ActiveCfg = Debug|Any CPU
		{76B8A969-CF08-41C2-AF8B-F594107BE0C6}.Debug|Any CPU.Build.0 = Debug|Any CPU
		{76B8A969-CF08-41C2-AF8B-F594107BE0C6}.Release|Any CPU.ActiveCfg = Release|Any CPU
		{76B8A969-CF08-41C2-AF8B-F594107BE0C6}.Release|Any CPU.Build.0 = Release|Any CPU
		{87E1FABA-A831-08BD-CD07-C18AE3AD22A8}.Debug|Any CPU.ActiveCfg = Debug|Any CPU
		{87E1FABA-A831-08BD-CD07-C18AE3AD22A8}.Debug|Any CPU.Build.0 = Debug|Any CPU
		{87E1FABA-A831-08BD-CD07-C18AE3AD22A8}.Release|Any CPU.ActiveCfg = Release|Any CPU
		{87E1FABA-A831-08BD-CD07-C18AE3AD22A8}.Release|Any CPU.Build.0 = Release|Any CPU
		{4D128A98-BBE7-4421-9F20-0B94ABBAEACD}.Debug|Any CPU.ActiveCfg = Debug|Any CPU
		{4D128A98-BBE7-4421-9F20-0B94ABBAEACD}.Debug|Any CPU.Build.0 = Debug|Any CPU
		{4D128A98-BBE7-4421-9F20-0B94ABBAEACD}.Release|Any CPU.ActiveCfg = Release|Any CPU
		{4D128A98-BBE7-4421-9F20-0B94ABBAEACD}.Release|Any CPU.Build.0 = Release|Any CPU
		{9FEDDE0B-3D59-5293-A9B8-4CC7538C2341}.Debug|Any CPU.ActiveCfg = Debug|Any CPU
		{9FEDDE0B-3D59-5293-A9B8-4CC7538C2341}.Debug|Any CPU.Build.0 = Debug|Any CPU
		{9FEDDE0B-3D59-5293-A9B8-4CC7538C2341}.Release|Any CPU.ActiveCfg = Release|Any CPU
		{9FEDDE0B-3D59-5293-A9B8-4CC7538C2341}.Release|Any CPU.Build.0 = Release|Any CPU
		{98BE3B62-9316-E2B0-C9D5-0097CAAEA0F6}.Debug|Any CPU.ActiveCfg = Debug|Any CPU
		{98BE3B62-9316-E2B0-C9D5-0097CAAEA0F6}.Debug|Any CPU.Build.0 = Debug|Any CPU
		{98BE3B62-9316-E2B0-C9D5-0097CAAEA0F6}.Release|Any CPU.ActiveCfg = Release|Any CPU
		{98BE3B62-9316-E2B0-C9D5-0097CAAEA0F6}.Release|Any CPU.Build.0 = Release|Any CPU
		{D55CD4AF-6CA2-81EA-5B83-796CA2BF6604}.Debug|Any CPU.ActiveCfg = Debug|Any CPU
		{D55CD4AF-6CA2-81EA-5B83-796CA2BF6604}.Debug|Any CPU.Build.0 = Debug|Any CPU
		{D55CD4AF-6CA2-81EA-5B83-796CA2BF6604}.Release|Any CPU.ActiveCfg = Release|Any CPU
		{D55CD4AF-6CA2-81EA-5B83-796CA2BF6604}.Release|Any CPU.Build.0 = Release|Any CPU
		{A7527A2A-9BA4-440C-832D-B87DBDE89411}.Debug|Any CPU.ActiveCfg = Debug|Any CPU
		{A7527A2A-9BA4-440C-832D-B87DBDE89411}.Debug|Any CPU.Build.0 = Debug|Any CPU
		{A7527A2A-9BA4-440C-832D-B87DBDE89411}.Release|Any CPU.ActiveCfg = Release|Any CPU
		{A7527A2A-9BA4-440C-832D-B87DBDE89411}.Release|Any CPU.Build.0 = Release|Any CPU
		{CFA27F8C-4486-43C8-FBEA-2F062DDA75DD}.Debug|Any CPU.ActiveCfg = Debug|Any CPU
		{CFA27F8C-4486-43C8-FBEA-2F062DDA75DD}.Debug|Any CPU.Build.0 = Debug|Any CPU
		{CFA27F8C-4486-43C8-FBEA-2F062DDA75DD}.Release|Any CPU.ActiveCfg = Release|Any CPU
		{CFA27F8C-4486-43C8-FBEA-2F062DDA75DD}.Release|Any CPU.Build.0 = Release|Any CPU
	EndGlobalSection
	GlobalSection(SolutionProperties) = preSolution
		HideSolutionNode = FALSE
	EndGlobalSection
	GlobalSection(ExtensibilityGlobals) = postSolution
		SolutionGuid = {9A7AC130-33BE-4B5B-99AF-D4A049A38C88}
	EndGlobalSection
EndGlobal
